
Microsoft Visual Studio Solution File, Format Version 12.00
# Visual Studio Version 16
VisualStudioVersion = 16.0.30717.126
MinimumVisualStudioVersion = 10.0.40219.1
Project("{FAE04EC0-301F-11D3-BF4B-00C04F79EFBC}") = "TEXO_Raspberry_Awards_API", "TEXO_Raspberry_Awards_API\TEXO_Raspberry_Awards_API.csproj", "{BF5A2F3C-0E7B-4EA7-9E50-A5671F9FAD3B}"
EndProject
Project("{FAE04EC0-301F-11D3-BF4B-00C04F79EFBC}") = "Domain", "Domain\Domain.csproj", "{E3B07458-E367-4F9D-BE98-8E7081216335}"
EndProject
Project("{FAE04EC0-301F-11D3-BF4B-00C04F79EFBC}") = "Infrastructure", "Infrastructure\Infrastructure.csproj", "{44447BCA-9D43-4BD9-9AA1-733680D39953}"
EndProject
Project("{FAE04EC0-301F-11D3-BF4B-00C04F79EFBC}") = "Application", "Application\Application.csproj", "{D756E458-B468-414E-A86B-9DB77F3B1F22}"
EndProject
Project("{FAE04EC0-301F-11D3-BF4B-00C04F79EFBC}") = "GoldenRaspberryAwardsIntegrationTest", "Test_ GoldenRaspberryAwards\GoldenRaspberryAwardsIntegrationTest.csproj", "{ED6D49ED-2DD9-4F8C-A2F4-81BB60357F84}"
EndProject
Global
	GlobalSection(SolutionConfigurationPlatforms) = preSolution
		Debug|Any CPU = Debug|Any CPU
		Release|Any CPU = Release|Any CPU
	EndGlobalSection
	GlobalSection(ProjectConfigurationPlatforms) = postSolution
		{BF5A2F3C-0E7B-4EA7-9E50-A5671F9FAD3B}.Debug|Any CPU.ActiveCfg = Debug|Any CPU
		{BF5A2F3C-0E7B-4EA7-9E50-A5671F9FAD3B}.Debug|Any CPU.Build.0 = Debug|Any CPU
		{BF5A2F3C-0E7B-4EA7-9E50-A5671F9FAD3B}.Release|Any CPU.ActiveCfg = Release|Any CPU
		{BF5A2F3C-0E7B-4EA7-9E50-A5671F9FAD3B}.Release|Any CPU.Build.0 = Release|Any CPU
		{E3B07458-E367-4F9D-BE98-8E7081216335}.Debug|Any CPU.ActiveCfg = Debug|Any CPU
		{E3B07458-E367-4F9D-BE98-8E7081216335}.Debug|Any CPU.Build.0 = Debug|Any CPU
		{E3B07458-E367-4F9D-BE98-8E7081216335}.Release|Any CPU.ActiveCfg = Release|Any CPU
		{E3B07458-E367-4F9D-BE98-8E7081216335}.Release|Any CPU.Build.0 = Release|Any CPU
		{44447BCA-9D43-4BD9-9AA1-733680D39953}.Debug|Any CPU.ActiveCfg = Debug|Any CPU
		{44447BCA-9D43-4BD9-9AA1-733680D39953}.Debug|Any CPU.Build.0 = Debug|Any CPU
		{44447BCA-9D43-4BD9-9AA1-733680D39953}.Release|Any CPU.ActiveCfg = Release|Any CPU
		{44447BCA-9D43-4BD9-9AA1-733680D39953}.Release|Any CPU.Build.0 = Release|Any CPU
		{D756E458-B468-414E-A86B-9DB77F3B1F22}.Debug|Any CPU.ActiveCfg = Debug|Any CPU
		{D756E458-B468-414E-A86B-9DB77F3B1F22}.Debug|Any CPU.Build.0 = Debug|Any CPU
		{D756E458-B468-414E-A86B-9DB77F3B1F22}.Release|Any CPU.ActiveCfg = Release|Any CPU
		{D756E458-B468-414E-A86B-9DB77F3B1F22}.Release|Any CPU.Build.0 = Release|Any CPU
		{ED6D49ED-2DD9-4F8C-A2F4-81BB60357F84}.Debug|Any CPU.ActiveCfg = Debug|Any CPU
		{ED6D49ED-2DD9-4F8C-A2F4-81BB60357F84}.Debug|Any CPU.Build.0 = Debug|Any CPU
		{ED6D49ED-2DD9-4F8C-A2F4-81BB60357F84}.Release|Any CPU.ActiveCfg = Release|Any CPU
		{ED6D49ED-2DD9-4F8C-A2F4-81BB60357F84}.Release|Any CPU.Build.0 = Release|Any CPU
	EndGlobalSection
	GlobalSection(SolutionProperties) = preSolution
		HideSolutionNode = FALSE
	EndGlobalSection
	GlobalSection(ExtensibilityGlobals) = postSolution
		SolutionGuid = {11DB43BB-58E7-4839-AA00-6AA35B2F754B}
	EndGlobalSection
EndGlobal
